
Microsoft Visual Studio Solution File, Format Version 12.00
# Visual Studio Version 16
VisualStudioVersion = 16.0.31321.278
MinimumVisualStudioVersion = 10.0.40219.1
Project("{FAE04EC0-301F-11D3-BF4B-00C04F79EFBC}") = "signup form", "signup form\signup form.csproj", "{8D1C1A43-151D-43E3-BA85-1CA5E915F347}"
EndProject
Global
	GlobalSection(SolutionConfigurationPlatforms) = preSolution
		Debug|Any CPU = Debug|Any CPU
		Release|Any CPU = Release|Any CPU
	EndGlobalSection
	GlobalSection(ProjectConfigurationPlatforms) = postSolution
		{8D1C1A43-151D-43E3-BA85-1CA5E915F347}.Debug|Any CPU.ActiveCfg = Debug|Any CPU
		{8D1C1A43-151D-43E3-BA85-1CA5E915F347}.Debug|Any CPU.Build.0 = Debug|Any CPU
		{8D1C1A43-151D-43E3-BA85-1CA5E915F347}.Release|Any CPU.ActiveCfg = Release|Any CPU
		{8D1C1A43-151D-43E3-BA85-1CA5E915F347}.Release|Any CPU.Build.0 = Release|Any CPU
	EndGlobalSection
	GlobalSection(SolutionProperties) = preSolution
		HideSolutionNode = FALSE
	EndGlobalSection
	GlobalSection(ExtensibilityGlobals) = postSolution
		SolutionGuid = {5EF63316-567E-4517-AB8E-E755816CFD7B}
	EndGlobalSection
EndGlobal
